
Microsoft Visual Studio Solution File, Format Version 12.00
# Visual Studio Version 17
VisualStudioVersion = 17.5.002.0
MinimumVisualStudioVersion = 10.0.40219.1
Project("{9A19103F-16F7-4668-BE54-9A1E7A4F7556}") = "CommandsService", "CommandsService.csproj", "{28C08813-0640-4AF4-BA02-8F6644D44E6B}"
EndProject
Global
	GlobalSection(SolutionConfigurationPlatforms) = preSolution
		Debug|Any CPU = Debug|Any CPU
		Release|Any CPU = Release|Any CPU
	EndGlobalSection
	GlobalSection(ProjectConfigurationPlatforms) = postSolution
		{28C08813-0640-4AF4-BA02-8F6644D44E6B}.Debug|Any CPU.ActiveCfg = Debug|Any CPU
		{28C08813-0640-4AF4-BA02-8F6644D44E6B}.Debug|Any CPU.Build.0 = Debug|Any CPU
		{28C08813-0640-4AF4-BA02-8F6644D44E6B}.Release|Any CPU.ActiveCfg = Release|Any CPU
		{28C08813-0640-4AF4-BA02-8F6644D44E6B}.Release|Any CPU.Build.0 = Release|Any CPU
	EndGlobalSection
	GlobalSection(SolutionProperties) = preSolution
		HideSolutionNode = FALSE
	EndGlobalSection
	GlobalSection(ExtensibilityGlobals) = postSolution
		SolutionGuid = {55D42D97-18B0-4973-AE3F-B09C7A4ABBBA}
	EndGlobalSection
EndGlobal
